
Microsoft Visual Studio Solution File, Format Version 12.00
# Visual Studio 2012
Project("{FAE04EC0-301F-11D3-BF4B-00C04F79EFBC}") = "DnD", "DnD\DnD.csproj", "{88DF985C-333C-4615-95FD-4BCACCFD7D43}"
EndProject
Project("{FAE04EC0-301F-11D3-BF4B-00C04F79EFBC}") = "DnD.iOS", "iOS\DnD.iOS.csproj", "{473C2020-553A-4A9F-96BC-561172B7CD07}"
EndProject
Project("{FAE04EC0-301F-11D3-BF4B-00C04F79EFBC}") = "DnD.Droid", "Droid\DnD.Droid.csproj", "{54C261F4-08FF-4A50-9A88-086429ED1247}"
EndProject
Global
	GlobalSection(SolutionConfigurationPlatforms) = preSolution
		Debug|Any CPU = Debug|Any CPU
		Release|Any CPU = Release|Any CPU
		Debug|iPhoneSimulator = Debug|iPhoneSimulator
		Release|iPhone = Release|iPhone
		Release|iPhoneSimulator = Release|iPhoneSimulator
		Debug|iPhone = Debug|iPhone
	EndGlobalSection
	GlobalSection(ProjectConfigurationPlatforms) = postSolution
		{88DF985C-333C-4615-95FD-4BCACCFD7D43}.Debug|Any CPU.ActiveCfg = Debug|Any CPU
		{88DF985C-333C-4615-95FD-4BCACCFD7D43}.Debug|Any CPU.Build.0 = Debug|Any CPU
		{88DF985C-333C-4615-95FD-4BCACCFD7D43}.Release|Any CPU.ActiveCfg = Release|Any CPU
		{88DF985C-333C-4615-95FD-4BCACCFD7D43}.Release|Any CPU.Build.0 = Release|Any CPU
		{88DF985C-333C-4615-95FD-4BCACCFD7D43}.Debug|iPhoneSimulator.ActiveCfg = Debug|Any CPU
		{88DF985C-333C-4615-95FD-4BCACCFD7D43}.Debug|iPhoneSimulator.Build.0 = Debug|Any CPU
		{88DF985C-333C-4615-95FD-4BCACCFD7D43}.Release|iPhone.ActiveCfg = Release|Any CPU
		{88DF985C-333C-4615-95FD-4BCACCFD7D43}.Release|iPhone.Build.0 = Release|Any CPU
		{88DF985C-333C-4615-95FD-4BCACCFD7D43}.Release|iPhoneSimulator.ActiveCfg = Release|Any CPU
		{88DF985C-333C-4615-95FD-4BCACCFD7D43}.Release|iPhoneSimulator.Build.0 = Release|Any CPU
		{88DF985C-333C-4615-95FD-4BCACCFD7D43}.Debug|iPhone.ActiveCfg = Debug|Any CPU
		{88DF985C-333C-4615-95FD-4BCACCFD7D43}.Debug|iPhone.Build.0 = Debug|Any CPU
		{473C2020-553A-4A9F-96BC-561172B7CD07}.Debug|Any CPU.ActiveCfg = Debug|iPhoneSimulator
		{473C2020-553A-4A9F-96BC-561172B7CD07}.Debug|Any CPU.Build.0 = Debug|iPhoneSimulator
		{473C2020-553A-4A9F-96BC-561172B7CD07}.Release|Any CPU.ActiveCfg = Release|iPhone
		{473C2020-553A-4A9F-96BC-561172B7CD07}.Release|Any CPU.Build.0 = Release|iPhone
		{473C2020-553A-4A9F-96BC-561172B7CD07}.Debug|iPhoneSimulator.ActiveCfg = Debug|iPhoneSimulator
		{473C2020-553A-4A9F-96BC-561172B7CD07}.Debug|iPhoneSimulator.Build.0 = Debug|iPhoneSimulator
		{473C2020-553A-4A9F-96BC-561172B7CD07}.Release|iPhone.ActiveCfg = Release|iPhone
		{473C2020-553A-4A9F-96BC-561172B7CD07}.Release|iPhone.Build.0 = Release|iPhone
		{473C2020-553A-4A9F-96BC-561172B7CD07}.Release|iPhoneSimulator.ActiveCfg = Release|iPhoneSimulator
		{473C2020-553A-4A9F-96BC-561172B7CD07}.Release|iPhoneSimulator.Build.0 = Release|iPhoneSimulator
		{473C2020-553A-4A9F-96BC-561172B7CD07}.Debug|iPhone.ActiveCfg = Debug|iPhone
		{473C2020-553A-4A9F-96BC-561172B7CD07}.Debug|iPhone.Build.0 = Debug|iPhone
		{54C261F4-08FF-4A50-9A88-086429ED1247}.Debug|Any CPU.ActiveCfg = Debug|Any CPU
		{54C261F4-08FF-4A50-9A88-086429ED1247}.Debug|Any CPU.Build.0 = Debug|Any CPU
		{54C261F4-08FF-4A50-9A88-086429ED1247}.Release|Any CPU.ActiveCfg = Release|Any CPU
		{54C261F4-08FF-4A50-9A88-086429ED1247}.Release|Any CPU.Build.0 = Release|Any CPU
		{54C261F4-08FF-4A50-9A88-086429ED1247}.Debug|iPhoneSimulator.ActiveCfg = Debug|Any CPU
		{54C261F4-08FF-4A50-9A88-086429ED1247}.Debug|iPhoneSimulator.Build.0 = Debug|Any CPU
		{54C261F4-08FF-4A50-9A88-086429ED1247}.Release|iPhone.ActiveCfg = Release|Any CPU
		{54C261F4-08FF-4A50-9A88-086429ED1247}.Release|iPhone.Build.0 = Release|Any CPU
		{54C261F4-08FF-4A50-9A88-086429ED1247}.Release|iPhoneSimulator.ActiveCfg = Release|Any CPU
		{54C261F4-08FF-4A50-9A88-086429ED1247}.Release|iPhoneSimulator.Build.0 = Release|Any CPU
		{54C261F4-08FF-4A50-9A88-086429ED1247}.Debug|iPhone.ActiveCfg = Debug|Any CPU
		{54C261F4-08FF-4A50-9A88-086429ED1247}.Debug|iPhone.Build.0 = Debug|Any CPU
	EndGlobalSection
EndGlobal
